
Microsoft Visual Studio Solution File, Format Version 12.00
# Visual Studio Version 16
VisualStudioVersion = 16.0.29728.190
MinimumVisualStudioVersion = 10.0.40219.1
Project("{FAE04EC0-301F-11D3-BF4B-00C04F79EFBC}") = "TipoCombustivel", "TipoCombustivel.csproj", "{EA142E4E-F28B-4E82-AC0B-C8466B92638E}"
EndProject
Global
	GlobalSection(SolutionConfigurationPlatforms) = preSolution
		Debug|Any CPU = Debug|Any CPU
		Release|Any CPU = Release|Any CPU
	EndGlobalSection
	GlobalSection(ProjectConfigurationPlatforms) = postSolution
		{EA142E4E-F28B-4E82-AC0B-C8466B92638E}.Debug|Any CPU.ActiveCfg = Debug|Any CPU
		{EA142E4E-F28B-4E82-AC0B-C8466B92638E}.Debug|Any CPU.Build.0 = Debug|Any CPU
		{EA142E4E-F28B-4E82-AC0B-C8466B92638E}.Release|Any CPU.ActiveCfg = Release|Any CPU
		{EA142E4E-F28B-4E82-AC0B-C8466B92638E}.Release|Any CPU.Build.0 = Release|Any CPU
	EndGlobalSection
	GlobalSection(SolutionProperties) = preSolution
		HideSolutionNode = FALSE
	EndGlobalSection
	GlobalSection(ExtensibilityGlobals) = postSolution
		SolutionGuid = {725BE3D2-9CB8-4758-B4A1-821827A4BB18}
	EndGlobalSection
EndGlobal
